// !$*UTF8*$!
{
	archiveVersion = 1;
	classes = {
	};
	objectVersion = 50;
	objects = {

/* Begin PBXBuildFile section */
		DF07730E2460D794008103C1 /* AppDelegate.swift in Sources */ = {isa = PBXBuildFile; fileRef = DF07730D2460D794008103C1 /* AppDelegate.swift */; };
		DF0773102460D794008103C1 /* SceneDelegate.swift in Sources */ = {isa = PBXBuildFile; fileRef = DF07730F2460D794008103C1 /* SceneDelegate.swift */; };
		DF0773122460D794008103C1 /* ViewController.swift in Sources */ = {isa = PBXBuildFile; fileRef = DF0773112460D794008103C1 /* ViewController.swift */; };
		DF0773152460D794008103C1 /* Main.storyboard in Resources */ = {isa = PBXBuildFile; fileRef = DF0773132460D794008103C1 /* Main.storyboard */; };
		DF0773172460D797008103C1 /* Assets.xcassets in Resources */ = {isa = PBXBuildFile; fileRef = DF0773162460D797008103C1 /* Assets.xcassets */; };
		DF07731A2460D797008103C1 /* LaunchScreen.storyboard in Resources */ = {isa = PBXBuildFile; fileRef = DF0773182460D797008103C1 /* LaunchScreen.storyboard */; };
		DF0773252460D797008103C1 /* actualBLEAppTests.swift in Sources */ = {isa = PBXBuildFile; fileRef = DF0773242460D797008103C1 /* actualBLEAppTests.swift */; };
		DF0773302460D82D008103C1 /* CentralViewController.swift in Sources */ = {isa = PBXBuildFile; fileRef = DF07732F2460D82D008103C1 /* CentralViewController.swift */; };
		DF0773322460D837008103C1 /* PeripheralViewController.swift in Sources */ = {isa = PBXBuildFile; fileRef = DF0773312460D837008103C1 /* PeripheralViewController.swift */; };
		DF077334246345D5008103C1 /* TransferService.swift in Sources */ = {isa = PBXBuildFile; fileRef = DF077333246345D5008103C1 /* TransferService.swift */; };
/* End PBXBuildFile section */

/* Begin PBXContainerItemProxy section */
		DF0773212460D797008103C1 /* PBXContainerItemProxy */ = {
			isa = PBXContainerItemProxy;
			containerPortal = DF0773022460D794008103C1 /* Project object */;
			proxyType = 1;
			remoteGlobalIDString = DF0773092460D794008103C1;
			remoteInfo = actualBLEApp;
		};
/* End PBXContainerItemProxy section */

/* Begin PBXFileReference section */
		DF07730A2460D794008103C1 /* actualBLEApp.app */ = {isa = PBXFileReference; explicitFileType = wrapper.application; includeInIndex = 0; path = actualBLEApp.app; sourceTree = BUILT_PRODUCTS_DIR; };
		DF07730D2460D794008103C1 /* AppDelegate.swift */ = {isa = PBXFileReference; lastKnownFileType = sourcecode.swift; path = AppDelegate.swift; sourceTree = "<group>"; };
		DF07730F2460D794008103C1 /* SceneDelegate.swift */ = {isa = PBXFileReference; lastKnownFileType = sourcecode.swift; path = SceneDelegate.swift; sourceTree = "<group>"; };
		DF0773112460D794008103C1 /* ViewController.swift */ = {isa = PBXFileReference; lastKnownFileType = sourcecode.swift; path = ViewController.swift; sourceTree = "<group>"; };
		DF0773142460D794008103C1 /* Base */ = {isa = PBXFileReference; lastKnownFileType = file.storyboard; name = Base; path = Base.lproj/Main.storyboard; sourceTree = "<group>"; };
		DF0773162460D797008103C1 /* Assets.xcassets */ = {isa = PBXFileReference; lastKnownFileType = folder.assetcatalog; path = Assets.xcassets; sourceTree = "<group>"; };
		DF0773192460D797008103C1 /* Base */ = {isa = PBXFileReference; lastKnownFileType = file.storyboard; name = Base; path = Base.lproj/LaunchScreen.storyboard; sourceTree = "<group>"; };
		DF07731B2460D797008103C1 /* Info.plist */ = {isa = PBXFileReference; lastKnownFileType = text.plist.xml; path = Info.plist; sourceTree = "<group>"; };
		DF0773202460D797008103C1 /* actualBLEAppTests.xctest */ = {isa = PBXFileReference; explicitFileType = wrapper.cfbundle; includeInIndex = 0; path = actualBLEAppTests.xctest; sourceTree = BUILT_PRODUCTS_DIR; };
		DF0773242460D797008103C1 /* actualBLEAppTests.swift */ = {isa = PBXFileReference; lastKnownFileType = sourcecode.swift; path = actualBLEAppTests.swift; sourceTree = "<group>"; };
		DF0773262460D797008103C1 /* Info.plist */ = {isa = PBXFileReference; lastKnownFileType = text.plist.xml; path = Info.plist; sourceTree = "<group>"; };
		DF07732F2460D82D008103C1 /* CentralViewController.swift */ = {isa = PBXFileReference; lastKnownFileType = sourcecode.swift; path = CentralViewController.swift; sourceTree = "<group>"; };
		DF0773312460D837008103C1 /* PeripheralViewController.swift */ = {isa = PBXFileReference; lastKnownFileType = sourcecode.swift; path = PeripheralViewController.swift; sourceTree = "<group>"; };
		DF077333246345D5008103C1 /* TransferService.swift */ = {isa = PBXFileReference; lastKnownFileType = sourcecode.swift; path = TransferService.swift; sourceTree = "<group>"; };
/* End PBXFileReference section */

/* Begin PBXFrameworksBuildPhase section */
		DF0773072460D794008103C1 /* Frameworks */ = {
			isa = PBXFrameworksBuildPhase;
			buildActionMask = 2147483647;
			files = (
			);
			runOnlyForDeploymentPostprocessing = 0;
		};
		DF07731D2460D797008103C1 /* Frameworks */ = {
			isa = PBXFrameworksBuildPhase;
			buildActionMask = 2147483647;
			files = (
			);
			runOnlyForDeploymentPostprocessing = 0;
		};
/* End PBXFrameworksBuildPhase section */

/* Begin PBXGroup section */
		DF0773012460D794008103C1 = {
			isa = PBXGroup;
			children = (
				DF07730C2460D794008103C1 /* actualBLEApp */,
				DF0773232460D797008103C1 /* actualBLEAppTests */,
				DF07730B2460D794008103C1 /* Products */,
			);
			sourceTree = "<group>";
		};
		DF07730B2460D794008103C1 /* Products */ = {
			isa = PBXGroup;
			children = (
				DF07730A2460D794008103C1 /* actualBLEApp.app */,
				DF0773202460D797008103C1 /* actualBLEAppTests.xctest */,
			);
			name = Products;
			sourceTree = "<group>";
		};
		DF07730C2460D794008103C1 /* actualBLEApp */ = {
			isa = PBXGroup;
			children = (
				DF07730D2460D794008103C1 /* AppDelegate.swift */,
				DF077333246345D5008103C1 /* TransferService.swift */,
				DF07730F2460D794008103C1 /* SceneDelegate.swift */,
				DF0773112460D794008103C1 /* ViewController.swift */,
				DF07732F2460D82D008103C1 /* CentralViewController.swift */,
				DF0773312460D837008103C1 /* PeripheralViewController.swift */,
				DF0773132460D794008103C1 /* Main.storyboard */,
				DF0773162460D797008103C1 /* Assets.xcassets */,
				DF0773182460D797008103C1 /* LaunchScreen.storyboard */,
				DF07731B2460D797008103C1 /* Info.plist */,
			);
			path = actualBLEApp;
			sourceTree = "<group>";
		};
		DF0773232460D797008103C1 /* actualBLEAppTests */ = {
			isa = PBXGroup;
			children = (
				DF0773242460D797008103C1 /* actualBLEAppTests.swift */,
				DF0773262460D797008103C1 /* Info.plist */,
			);
			path = actualBLEAppTests;
			sourceTree = "<group>";
		};
/* End PBXGroup section */

/* Begin PBXNativeTarget section */
		DF0773092460D794008103C1 /* actualBLEApp */ = {
			isa = PBXNativeTarget;
			buildConfigurationList = DF0773292460D797008103C1 /* Build configuration list for PBXNativeTarget "actualBLEApp" */;
			buildPhases = (
				DF0773062460D794008103C1 /* Sources */,
				DF0773072460D794008103C1 /* Frameworks */,
				DF0773082460D794008103C1 /* Resources */,
			);
			buildRules = (
			);
			dependencies = (
			);
			name = actualBLEApp;
			productName = actualBLEApp;
			productReference = DF07730A2460D794008103C1 /* actualBLEApp.app */;
			productType = "com.apple.product-type.application";
		};
		DF07731F2460D797008103C1 /* actualBLEAppTests */ = {
			isa = PBXNativeTarget;
			buildConfigurationList = DF07732C2460D797008103C1 /* Build configuration list for PBXNativeTarget "actualBLEAppTests" */;
			buildPhases = (
				DF07731C2460D797008103C1 /* Sources */,
				DF07731D2460D797008103C1 /* Frameworks */,
				DF07731E2460D797008103C1 /* Resources */,
			);
			buildRules = (
			);
			dependencies = (
				DF0773222460D797008103C1 /* PBXTargetDependency */,
			);
			name = actualBLEAppTests;
			productName = actualBLEAppTests;
			productReference = DF0773202460D797008103C1 /* actualBLEAppTests.xctest */;
			productType = "com.apple.product-type.bundle.unit-test";
		};
/* End PBXNativeTarget section */

/* Begin PBXProject section */
		DF0773022460D794008103C1 /* Project object */ = {
			isa = PBXProject;
			attributes = {
				LastSwiftUpdateCheck = 1120;
				LastUpgradeCheck = 1120;
				ORGANIZATIONNAME = "Carlos Huang";
				TargetAttributes = {
					DF0773092460D794008103C1 = {
						CreatedOnToolsVersion = 11.2;
					};
					DF07731F2460D797008103C1 = {
						CreatedOnToolsVersion = 11.2;
						TestTargetID = DF0773092460D794008103C1;
					};
				};
			};
			buildConfigurationList = DF0773052460D794008103C1 /* Build configuration list for PBXProject "actualBLEApp" */;
			compatibilityVersion = "Xcode 9.3";
			developmentRegion = en;
			hasScannedForEncodings = 0;
			knownRegions = (
				en,
				Base,
			);
			mainGroup = DF0773012460D794008103C1;
			productRefGroup = DF07730B2460D794008103C1 /* Products */;
			projectDirPath = "";
			projectRoot = "";
			targets = (
				DF0773092460D794008103C1 /* actualBLEApp */,
				DF07731F2460D797008103C1 /* actualBLEAppTests */,
			);
		};
/* End PBXProject section */

/* Begin PBXResourcesBuildPhase section */
		DF0773082460D794008103C1 /* Resources */ = {
			isa = PBXResourcesBuildPhase;
			buildActionMask = 2147483647;
			files = (
				DF07731A2460D797008103C1 /* LaunchScreen.storyboard in Resources */,
				DF0773172460D797008103C1 /* Assets.xcassets in Resources */,
				DF0773152460D794008103C1 /* Main.storyboard in Resources */,
			);
			runOnlyForDeploymentPostprocessing = 0;
		};
		DF07731E2460D797008103C1 /* Resources */ = {
			isa = PBXResourcesBuildPhase;
			buildActionMask = 2147483647;
			files = (
			);
			runOnlyForDeploymentPostprocessing = 0;
		};
/* End PBXResourcesBuildPhase section */

/* Begin PBXSourcesBuildPhase section */
		DF0773062460D794008103C1 /* Sources */ = {
			isa = PBXSourcesBuildPhase;
			buildActionMask = 2147483647;
			files = (
				DF077334246345D5008103C1 /* TransferService.swift in Sources */,
				DF0773322460D837008103C1 /* PeripheralViewController.swift in Sources */,
				DF0773122460D794008103C1 /* ViewController.swift in Sources */,
				DF07730E2460D794008103C1 /* AppDelegate.swift in Sources */,
				DF0773302460D82D008103C1 /* CentralViewController.swift in Sources */,
				DF0773102460D794008103C1 /* SceneDelegate.swift in Sources */,
			);
			runOnlyForDeploymentPostprocessing = 0;
		};
		DF07731C2460D797008103C1 /* Sources */ = {
			isa = PBXSourcesBuildPhase;
			buildActionMask = 2147483647;
			files = (
				DF0773252460D797008103C1 /* actualBLEAppTests.swift in Sources */,
			);
			runOnlyForDeploymentPostprocessing = 0;
		};
/* End PBXSourcesBuildPhase section */

/* Begin PBXTargetDependency section */
		DF0773222460D797008103C1 /* PBXTargetDependency */ = {
			isa = PBXTargetDependency;
			target = DF0773092460D794008103C1 /* actualBLEApp */;
			targetProxy = DF0773212460D797008103C1 /* PBXContainerItemProxy */;
		};
/* End PBXTargetDependency section */

/* Begin PBXVariantGroup section */
		DF0773132460D794008103C1 /* Main.storyboard */ = {
			isa = PBXVariantGroup;
			children = (
				DF0773142460D794008103C1 /* Base */,
			);
			name = Main.storyboard;
			sourceTree = "<group>";
		};
		DF0773182460D797008103C1 /* LaunchScreen.storyboard */ = {
			isa = PBXVariantGroup;
			children = (
				DF0773192460D797008103C1 /* Base */,
			);
			name = LaunchScreen.storyboard;
			sourceTree = "<group>";
		};
/* End PBXVariantGroup section */

/* Begin XCBuildConfiguration section */
		DF0773272460D797008103C1 /* Debug */ = {
			isa = XCBuildConfiguration;
			buildSettings = {
				ALWAYS_SEARCH_USER_PATHS = NO;
				CLANG_ANALYZER_NONNULL = YES;
				CLANG_ANALYZER_NUMBER_OBJECT_CONVERSION = YES_AGGRESSIVE;
				CLANG_CXX_LANGUAGE_STANDARD = "gnu++14";
				CLANG_CXX_LIBRARY = "libc++";
				CLANG_ENABLE_MODULES = YES;
				CLANG_ENABLE_OBJC_ARC = YES;
				CLANG_ENABLE_OBJC_WEAK = YES;
				CLANG_WARN_BLOCK_CAPTURE_AUTORELEASING = YES;
				CLANG_WARN_BOOL_CONVERSION = YES;
				CLANG_WARN_COMMA = YES;
				CLANG_WARN_CONSTANT_CONVERSION = YES;
				CLANG_WARN_DEPRECATED_OBJC_IMPLEMENTATIONS = YES;
				CLANG_WARN_DIRECT_OBJC_ISA_USAGE = YES_ERROR;
				CLANG_WARN_DOCUMENTATION_COMMENTS = YES;
				CLANG_WARN_EMPTY_BODY = YES;
				CLANG_WARN_ENUM_CONVERSION = YES;
				CLANG_WARN_INFINITE_RECURSION = YES;
				CLANG_WARN_INT_CONVERSION = YES;
				CLANG_WARN_NON_LITERAL_NULL_CONVERSION = YES;
				CLANG_WARN_OBJC_IMPLICIT_RETAIN_SELF = YES;
				CLANG_WARN_OBJC_LITERAL_CONVERSION = YES;
				CLANG_WARN_OBJC_ROOT_CLASS = YES_ERROR;
				CLANG_WARN_RANGE_LOOP_ANALYSIS = YES;
				CLANG_WARN_STRICT_PROTOTYPES = YES;
				CLANG_WARN_SUSPICIOUS_MOVE = YES;
				CLANG_WARN_UNGUARDED_AVAILABILITY = YES_AGGRESSIVE;
				CLANG_WARN_UNREACHABLE_CODE = YES;
				CLANG_WARN__DUPLICATE_METHOD_MATCH = YES;
				COPY_PHASE_STRIP = NO;
				DEBUG_INFORMATION_FORMAT = dwarf;
				ENABLE_STRICT_OBJC_MSGSEND = YES;
				ENABLE_TESTABILITY = YES;
				GCC_C_LANGUAGE_STANDARD = gnu11;
				GCC_DYNAMIC_NO_PIC = NO;
				GCC_NO_COMMON_BLOCKS = YES;
				GCC_OPTIMIZATION_LEVEL = 0;
				GCC_PREPROCESSOR_DEFINITIONS = (
					"DEBUG=1",
					"$(inherited)",
				);
				GCC_WARN_64_TO_32_BIT_CONVERSION = YES;
				GCC_WARN_ABOUT_RETURN_TYPE = YES_ERROR;
				GCC_WARN_UNDECLARED_SELECTOR = YES;
				GCC_WARN_UNINITIALIZED_AUTOS = YES_AGGRESSIVE;
				GCC_WARN_UNUSED_FUNCTION = YES;
				GCC_WARN_UNUSED_VARIABLE = YES;
				IPHONEOS_DEPLOYMENT_TARGET = 13.2;
				MTL_ENABLE_DEBUG_INFO = INCLUDE_SOURCE;
				MTL_FAST_MATH = YES;
				ONLY_ACTIVE_ARCH = YES;
				SDKROOT = iphoneos;
				SWIFT_ACTIVE_COMPILATION_CONDITIONS = DEBUG;
				SWIFT_OPTIMIZATION_LEVEL = "-Onone";
			};
			name = Debug;
		};
		DF0773282460D797008103C1 /* Release */ = {
			isa = XCBuildConfiguration;
			buildSettings = {
				ALWAYS_SEARCH_USER_PATHS = NO;
				CLANG_ANALYZER_NONNULL = YES;
				CLANG_ANALYZER_NUMBER_OBJECT_CONVERSION = YES_AGGRESSIVE;
				CLANG_CXX_LANGUAGE_STANDARD = "gnu++14";
				CLANG_CXX_LIBRARY = "libc++";
				CLANG_ENABLE_MODULES = YES;
				CLANG_ENABLE_OBJC_ARC = YES;
				CLANG_ENABLE_OBJC_WEAK = YES;
				CLANG_WARN_BLOCK_CAPTURE_AUTORELEASING = YES;
				CLANG_WARN_BOOL_CONVERSION = YES;
				CLANG_WARN_COMMA = YES;
				CLANG_WARN_CONSTANT_CONVERSION = YES;
				CLANG_WARN_DEPRECATED_OBJC_IMPLEMENTATIONS = YES;
				CLANG_WARN_DIRECT_OBJC_ISA_USAGE = YES_ERROR;
				CLANG_WARN_DOCUMENTATION_COMMENTS = YES;
				CLANG_WARN_EMPTY_BODY = YES;
				CLANG_WARN_ENUM_CONVERSION = YES;
				CLANG_WARN_INFINITE_RECURSION = YES;
				CLANG_WARN_INT_CONVERSION = YES;
				CLANG_WARN_NON_LITERAL_NULL_CONVERSION = YES;
				CLANG_WARN_OBJC_IMPLICIT_RETAIN_SELF = YES;
				CLANG_WARN_OBJC_LITERAL_CONVERSION = YES;
				CLANG_WARN_OBJC_ROOT_CLASS = YES_ERROR;
				CLANG_WARN_RANGE_LOOP_ANALYSIS = YES;
				CLANG_WARN_STRICT_PROTOTYPES = YES;
				CLANG_WARN_SUSPICIOUS_MOVE = YES;
				CLANG_WARN_UNGUARDED_AVAILABILITY = YES_AGGRESSIVE;
				CLANG_WARN_UNREACHABLE_CODE = YES;
				CLANG_WARN__DUPLICATE_METHOD_MATCH = YES;
				COPY_PHASE_STRIP = NO;
				DEBUG_INFORMATION_FORMAT = "dwarf-with-dsym";
				ENABLE_NS_ASSERTIONS = NO;
				ENABLE_STRICT_OBJC_MSGSEND = YES;
				GCC_C_LANGUAGE_STANDARD = gnu11;
				GCC_NO_COMMON_BLOCKS = YES;
				GCC_WARN_64_TO_32_BIT_CONVERSION = YES;
				GCC_WARN_ABOUT_RETURN_TYPE = YES_ERROR;
				GCC_WARN_UNDECLARED_SELECTOR = YES;
				GCC_WARN_UNINITIALIZED_AUTOS = YES_AGGRESSIVE;
				GCC_WARN_UNUSED_FUNCTION = YES;
				GCC_WARN_UNUSED_VARIABLE = YES;
				IPHONEOS_DEPLOYMENT_TARGET = 13.2;
				MTL_ENABLE_DEBUG_INFO = NO;
				MTL_FAST_MATH = YES;
				SDKROOT = iphoneos;
				SWIFT_COMPILATION_MODE = wholemodule;
				SWIFT_OPTIMIZATION_LEVEL = "-O";
				VALIDATE_PRODUCT = YES;
			};
			name = Release;
		};
		DF07732A2460D797008103C1 /* Debug */ = {
			isa = XCBuildConfiguration;
			buildSettings = {
				ASSETCATALOG_COMPILER_APPICON_NAME = AppIcon;
				CODE_SIGN_STYLE = Automatic;
				DEVELOPMENT_TEAM = MM455Q38MT;
				INFOPLIST_FILE = actualBLEApp/Info.plist;
				LD_RUNPATH_SEARCH_PATHS = (
					"$(inherited)",
					"@executable_path/Frameworks",
				);
				PRODUCT_BUNDLE_IDENTIFIER = "my-org.actualBLEApp";
				PRODUCT_NAME = "$(TARGET_NAME)";
				SWIFT_VERSION = 5.0;
				TARGETED_DEVICE_FAMILY = "1,2";
			};
			name = Debug;
		};
		DF07732B2460D797008103C1 /* Release */ = {
			isa = XCBuildConfiguration;
			buildSettings = {
				ASSETCATALOG_COMPILER_APPICON_NAME = AppIcon;
				CODE_SIGN_STYLE = Automatic;
				DEVELOPMENT_TEAM = MM455Q38MT;
				INFOPLIST_FILE = actualBLEApp/Info.plist;
				LD_RUNPATH_SEARCH_PATHS = (
					"$(inherited)",
					"@executable_path/Frameworks",
				);
				PRODUCT_BUNDLE_IDENTIFIER = "my-org.actualBLEApp";
				PRODUCT_NAME = "$(TARGET_NAME)";
				SWIFT_VERSION = 5.0;
				TARGETED_DEVICE_FAMILY = "1,2";
			};
			name = Release;
		};
		DF07732D2460D797008103C1 /* Debug */ = {
			isa = XCBuildConfiguration;
			buildSettings = {
				ALWAYS_EMBED_SWIFT_STANDARD_LIBRARIES = YES;
				BUNDLE_LOADER = "$(TEST_HOST)";
				CODE_SIGN_STYLE = Automatic;
				INFOPLIST_FILE = actualBLEAppTests/Info.plist;
				IPHONEOS_DEPLOYMENT_TARGET = 13.2;
				LD_RUNPATH_SEARCH_PATHS = (
					"$(inherited)",
					"@executable_path/Frameworks",
					"@loader_path/Frameworks",
				);
				PRODUCT_BUNDLE_IDENTIFIER = "my-org.actualBLEAppTests";
				PRODUCT_NAME = "$(TARGET_NAME)";
				SWIFT_VERSION = 5.0;
				TARGETED_DEVICE_FAMILY = "1,2";
				TEST_HOST = "$(BUILT_PRODUCTS_DIR)/actualBLEApp.app/actualBLEApp";
			};
			name = Debug;
		};
		DF07732E2460D797008103C1 /* Release */ = {
			isa = XCBuildConfiguration;
			buildSettings = {
				ALWAYS_EMBED_SWIFT_STANDARD_LIBRARIES = YES;
				BUNDLE_LOADER = "$(TEST_HOST)";
				CODE_SIGN_STYLE = Automatic;
				INFOPLIST_FILE = actualBLEAppTests/Info.plist;
				IPHONEOS_DEPLOYMENT_TARGET = 13.2;
				LD_RUNPATH_SEARCH_PATHS = (
					"$(inherited)",
					"@executable_path/Frameworks",
					"@loader_path/Frameworks",
				);
				PRODUCT_BUNDLE_IDENTIFIER = "my-org.actualBLEAppTests";
				PRODUCT_NAME = "$(TARGET_NAME)";
				SWIFT_VERSION = 5.0;
				TARGETED_DEVICE_FAMILY = "1,2";
				TEST_HOST = "$(BUILT_PRODUCTS_DIR)/actualBLEApp.app/actualBLEApp";
			};
			name = Release;
		};
/* End XCBuildConfiguration section */

/* Begin XCConfigurationList section */
		DF0773052460D794008103C1 /* Build configuration list for PBXProject "actualBLEApp" */ = {
			isa = XCConfigurationList;
			buildConfigurations = (
				DF0773272460D797008103C1 /* Debug */,
				DF0773282460D797008103C1 /* Release */,
			);
			defaultConfigurationIsVisible = 0;
			defaultConfigurationName = Release;
		};
		DF0773292460D797008103C1 /* Build configuration list for PBXNativeTarget "actualBLEApp" */ = {
			isa = XCConfigurationList;
			buildConfigurations = (
				DF07732A2460D797008103C1 /* Debug */,
				DF07732B2460D797008103C1 /* Release */,
			);
			defaultConfigurationIsVisible = 0;
			defaultConfigurationName = Release;
		};
		DF07732C2460D797008103C1 /* Build configuration list for PBXNativeTarget "actualBLEAppTests" */ = {
			isa = XCConfigurationList;
			buildConfigurations = (
				DF07732D2460D797008103C1 /* Debug */,
				DF07732E2460D797008103C1 /* Release */,
			);
			defaultConfigurationIsVisible = 0;
			defaultConfigurationName = Release;
		};
/* End XCConfigurationList section */
	};
	rootObject = DF0773022460D794008103C1 /* Project object */;
}
